{
  "name": "360",
  "version": "1.0.0",
  "lockfileVersion": 1,
  "requires": true,
  "dependencies": {
    "bowser": {
      "version": "1.9.4",
      "resolved": "https://registry.npmjs.org/bowser/-/bowser-1.9.4.tgz",
      "integrity": "sha512-9IdMmj2KjigRq6oWhmwv1W36pDuA4STQZ8q6YO9um+x07xgYNCD3Oou+WP/3L1HNz7iqythGet3/p4wvc8AAwQ=="
    },
    "gl-matrix": {
      "version": "git://github.com/toji/gl-matrix.git#7c8d5ddf78a403fed71504664f0c66b5d0c62112",
      "from": "git://github.com/toji/gl-matrix.git#7c8d5dd"
    },
    "hammerjs": {
      "version": "git://github.com/digisfera/hammer.js.git#52e11b34bfc6c6af6cd57cfa51ad7ba711d501f3",
      "from": "git://github.com/digisfera/hammer.js.git"
    },
    "marzipano": {
      "version": "0.9.0",
      "resolved": "https://registry.npmjs.org/marzipano/-/marzipano-0.9.0.tgz",
      "integrity": "sha512-7CGDsKUM7BvmF06LgVz1zJqoX6rZg4CeNcQJr/XIybROBVfG/FMKsnwd6005znRZL5sGZRku6xdhIY0P8tHphg==",
      "requires": {
        "bowser": "^1.9.4",
        "gl-matrix": "git://github.com/toji/gl-matrix.git#7c8d5dd",
        "hammerjs": "git://github.com/digisfera/hammer.js.git",
        "minimal-event-emitter": "^1.0.0"
      }
    },
    "minimal-event-emitter": {
      "version": "1.0.0",
      "resolved": "https://registry.npmjs.org/minimal-event-emitter/-/minimal-event-emitter-1.0.0.tgz",
      "integrity": "sha512-jZFCw+HUAgVWGSnCpff4NaB1PRwNcnIYRN1hgaA1QfOxG5lBhNmqpmcVW/o2+28Pc8CxPImsipDNrfUQhHCukw=="
    }
  }
}
